<?xml version="1.0" encoding="UTF-8" standalone="yes" ?>
<CodeBlocks_project_file>
	<FileVersion major="1" minor="6" />
	<Project>
		<Option title="Codeforces" />
		<Option pch_mode="2" />
		<Option compiler="gcc" />
		<Build>
			<Target title="Debug">
				<Option output="bin/Debug/Codeforces" prefix_auto="1" extension_auto="1" />
				<Option object_output="obj/Debug/" />
				<Option type="1" />
				<Option compiler="gcc" />
				<Compiler>
					<Add option="-g" />
				</Compiler>
			</Target>
			<Target title="Release">
				<Option output="bin/Release/Codeforces" prefix_auto="1" extension_auto="1" />
				<Option object_output="obj/Release/" />
				<Option type="1" />
				<Option compiler="gcc" />
				<Compiler>
					<Add option="-O2" />
				</Compiler>
				<Linker>
					<Add option="-s" />
				</Linker>
			</Target>
		</Build>
		<Compiler>
			<Add option="-Wall" />
			<Add option="-fexceptions" />
		</Compiler>
		<Unit filename="E.cpp" />
		<Unit filename="G103270/K.cpp" />
		<Unit filename="PS0713/C.cpp" />
		<Unit filename="PS0713/D.cpp" />
		<Unit filename="PS1039/C.cpp" />
		<Unit filename="PS1041/F.cpp" />
		<Unit filename="PS1042/E.cpp" />
		<Unit filename="PS1042/F.cpp" />
		<Unit filename="PS1043/F.cpp" />
		<Unit filename="PS1044/D.cpp" />
		<Unit filename="PS1209/A.cpp" />
		<Unit filename="PS1209/B.cpp" />
		<Unit filename="PS1209/C.cpp" />
		<Unit filename="PS1209/D.cpp" />
		<Unit filename="PS1209/E1.cpp" />
		<Unit filename="PS1209/E2.cpp" />
		<Unit filename="PS1209/F.cpp" />
		<Unit filename="PS1209/G1.cpp" />
		<Unit filename="PS1209/G2.cpp" />
		<Unit filename="PS1209/H.cpp" />
		<Unit filename="PS1252/B.cpp" />
		<Unit filename="PS1254/A.cpp" />
		<Unit filename="PS1254/B1.cpp" />
		<Unit filename="PS1254/B2.cpp" />
		<Unit filename="PS1254/C.cpp" />
		<Unit filename="PS1254/D.cpp" />
		<Unit filename="PS1254/E.cpp" />
		<Unit filename="PS1301/E.cpp" />
		<Unit filename="PS1301/F.cpp" />
		<Unit filename="PS1304/F2.cpp" />
		<Unit filename="PS1307/A.cpp" />
		<Unit filename="PS1307/B.cpp" />
		<Unit filename="PS1307/C.cpp" />
		<Unit filename="PS1307/D.cpp" />
		<Unit filename="PS1307/E.cpp" />
		<Unit filename="PS1307/F.cpp" />
		<Unit filename="PS1307/G.cpp" />
		<Unit filename="PS1327/F.cpp" />
		<Unit filename="PS1332/F.cpp" />
		<Unit filename="PS1333/E.cpp" />
		<Unit filename="PS1334/F.cpp" />
		<Unit filename="PS1344/A.cpp" />
		<Unit filename="PS1344/B.cpp" />
		<Unit filename="PS1344/C.cpp" />
		<Unit filename="PS1344/D.cpp" />
		<Unit filename="PS1344/E.cpp" />
		<Unit filename="PS1344/F.cpp" />
		<Unit filename="PS1361/A.cpp" />
		<Unit filename="PS1364/E.cpp" />
		<Unit filename="PS1366/F.cpp" />
		<Unit filename="PS1366/G.cpp" />
		<Unit filename="PS1380/G.cpp" />
		<Unit filename="PS1387/B2.cpp" />
		<Unit filename="PS1394/C.cpp" />
		<Unit filename="PS1396/A.cpp" />
		<Unit filename="PS1396/B.cpp" />
		<Unit filename="PS1396/C.cpp" />
		<Unit filename="PS1396/D.cpp" />
		<Unit filename="PS1398/F.cpp" />
		<Unit filename="PS1398/G.cpp" />
		<Unit filename="PS1419/F.cpp" />
		<Unit filename="PS1421/E.cpp" />
		<Unit filename="PS1422/D.cpp" />
		<Unit filename="PS1422/E.cpp" />
		<Unit filename="PS1422/F.cpp" />
		<Unit filename="PS1423/L.cpp" />
		<Unit filename="PS1439/A.cpp" />
		<Unit filename="PS1439/B.cpp" />
		<Unit filename="PS1439/C.cpp" />
		<Unit filename="PS1439/D.cpp" />
		<Unit filename="PS1444/C.cpp" />
		<Unit filename="PS1450/C2.cpp" />
		<Unit filename="PS1452/E.cpp" />
		<Unit filename="PS1453/F.cpp" />
		<Unit filename="PS1458/A.cpp" />
		<Unit filename="PS1458/B.cpp" />
		<Unit filename="PS1458/C.cpp" />
		<Unit filename="PS1458/D.cpp" />
		<Unit filename="PS1458/E.cpp" />
		<Unit filename="PS1458/F.cpp" />
		<Unit filename="PS1464/A.cpp" />
		<Unit filename="PS1464/B.cpp" />
		<Unit filename="PS1464/C.cpp" />
		<Unit filename="PS1464/E.cpp" />
		<Unit filename="PS1467/E.cpp" />
		<Unit filename="PS1469/E.cpp" />
		<Unit filename="PS1470/A.cpp" />
		<Unit filename="PS1473/E.cpp" />
		<Unit filename="PS1476/A.cpp" />
		<Unit filename="PS1476/B.cpp" />
		<Unit filename="PS1476/C.cpp" />
		<Unit filename="PS1476/D.cpp" />
		<Unit filename="PS1476/E.cpp" />
		<Unit filename="PS1476/F.cpp" />
		<Unit filename="PS1476/G.cpp" />
		<Unit filename="PS1477/A.cpp" />
		<Unit filename="PS1477/B.cpp" />
		<Unit filename="PS1477/C.cpp" />
		<Unit filename="PS1477/D.cpp" />
		<Unit filename="PS1477/E.cpp" />
		<Unit filename="PS1477/F.cpp" />
		<Unit filename="PS1482/F.cpp" />
		<Unit filename="PS1485/D.cpp" />
		<Unit filename="PS1491/E.cpp" />
		<Unit filename="PS1491/F.cpp" />
		<Unit filename="PS1491/G.cpp" />
		<Unit filename="PS1494/D.cpp" />
		<Unit filename="PS1494/F.cpp" />
		<Unit filename="PS1495/A.cpp" />
		<Unit filename="PS1495/B.cpp" />
		<Unit filename="PS1495/C.cpp" />
		<Unit filename="PS1495/D.cpp" />
		<Unit filename="PS1495/E.cpp" />
		<Unit filename="PS1495/F.cpp" />
		<Unit filename="PS1497/D.cpp" />
		<Unit filename="PS1499/F.cpp" />
		<Unit filename="PS1500/A.cpp" />
		<Unit filename="PS1500/B.cpp" />
		<Unit filename="PS1500/C.cpp" />
		<Unit filename="PS1500/D.cpp" />
		<Unit filename="PS1503/A.cpp" />
		<Unit filename="PS1503/B.cpp" />
		<Unit filename="PS1503/C.cpp" />
		<Unit filename="PS1503/D.cpp" />
		<Unit filename="PS1503/E.cpp" />
		<Unit filename="PS1508/A.cpp" />
		<Unit filename="PS1508/B.cpp" />
		<Unit filename="PS1508/C.cpp" />
		<Unit filename="PS1508/D.cpp" />
		<Unit filename="PS1510/B.cpp" />
		<Unit filename="PS1511/D.cpp" />
		<Unit filename="PS1511/E.cpp" />
		<Unit filename="PS1512/F.cpp" />
		<Unit filename="PS1512/G.cpp" />
		<Unit filename="PS1513/D.cpp" />
		<Unit filename="PS1513/E.cpp" />
		<Unit filename="PS1513/F.cpp" />
		<Unit filename="PS1514/C.cpp" />
		<Unit filename="PS1514/D.cpp" />
		<Unit filename="PS1515/D.cpp" />
		<Unit filename="PS1515/E.cpp" />
		<Unit filename="PS1515/F.cpp" />
		<Unit filename="PS1515/G.cpp" />
		<Unit filename="PS1515/H.cpp" />
		<Unit filename="PS1516/B.cpp" />
		<Unit filename="PS1516/C.cpp" />
		<Unit filename="PS1516/D.cpp" />
		<Unit filename="PS1519/E.cpp" />
		<Unit filename="PS1520/G.cpp" />
		<Unit filename="PS1521/D.cpp" />
		<Unit filename="PS1521/E.cpp" />
		<Unit filename="PS1523/D.cpp" />
		<Unit filename="PS1523/E.cpp" />
		<Unit filename="PS1526/D.cpp" />
		<Unit filename="PS1526/E.cpp" />
		<Unit filename="PS1527/D.cpp" />
		<Unit filename="PS1527/E.cpp" />
		<Unit filename="PS1528/C.cpp" />
		<Unit filename="PS1528/D.cpp" />
		<Unit filename="PS1530/D.cpp" />
		<Unit filename="PS1534/A.cpp" />
		<Unit filename="PS1534/B.cpp" />
		<Unit filename="PS1534/C.cpp" />
		<Unit filename="PS1534/D.cpp" />
		<Unit filename="PS1534/E.cpp" />
		<Unit filename="PS1534/F1.cpp" />
		<Unit filename="PS1534/F2.cpp" />
		<Unit filename="PS1534/G.cpp" />
		<Unit filename="PS1536/A.cpp" />
		<Unit filename="PS1536/B.cpp" />
		<Unit filename="PS1536/C.cpp" />
		<Unit filename="PS1536/D.cpp" />
		<Unit filename="PS1536/E.cpp" />
		<Unit filename="PS1536/F.cpp" />
		<Unit filename="PS1537/A.cpp" />
		<Unit filename="PS1537/B.cpp" />
		<Unit filename="PS1537/C.cpp" />
		<Unit filename="PS1537/D.cpp" />
		<Unit filename="PS1537/E1.cpp" />
		<Unit filename="PS1537/E2.cpp" />
		<Unit filename="PS1537/F.cpp" />
		<Unit filename="PS1539/E.cpp" />
		<Unit filename="PS1539/F.cpp" />
		<Unit filename="PS1540/A.cpp" />
		<Unit filename="PS1540/B.cpp" />
		<Unit filename="PS1540/C.cpp" />
		<Unit filename="PS1540/D.cpp" />
		<Unit filename="PS1540/E.cpp" />
		<Unit filename="PS1542/E.cpp" />
		<Unit filename="PS1543/A.cpp" />
		<Unit filename="PS1543/B.cpp" />
		<Unit filename="PS1543/C.cpp" />
		<Unit filename="PS1543/D1.cpp" />
		<Unit filename="PS1543/D2.cpp" />
		<Unit filename="PS1543/E.cpp" />
		<Unit filename="PS1545/A.cpp" />
		<Unit filename="PS1545/B.cpp" />
		<Unit filename="PS1545/C.cpp" />
		<Unit filename="PS1545/D.cpp" />
		<Unit filename="PS1545/E.cpp" />
		<Unit filename="PS1545/F.cpp" />
		<Unit filename="PS1548/C.cpp" />
		<Unit filename="PS1550/E.cpp" />
		<Unit filename="PS1552/E.cpp" />
		<Unit filename="PS1552/F.cpp" />
		<Unit filename="PS1552/G.cpp" />
		<Unit filename="PS1552/H.cpp" />
		<Unit filename="PS1553/E.cpp" />
		<Unit filename="PS1553/F.cpp" />
		<Unit filename="PS1553/G.cpp" />
		<Unit filename="PS1554/E.cpp" />
		<Unit filename="PS1556/D.cpp" />
		<Unit filename="PS1556/E.cpp" />
		<Unit filename="PS1557/E.cpp" />
		<Unit filename="PS1562/E.cpp" />
		<Unit filename="PS1566/A.cpp" />
		<Unit filename="PS1566/B.cpp" />
		<Unit filename="PS1566/C.cpp" />
		<Unit filename="PS1566/D1.cpp" />
		<Unit filename="PS1566/D2.cpp" />
		<Unit filename="PS1566/E.cpp" />
		<Unit filename="PS1566/F.cpp" />
		<Unit filename="PS1566/G.cpp" />
		<Unit filename="PS1566/H.cpp" />
		<Unit filename="PS1572/A.cpp" />
		<Unit filename="PS1572/B.cpp" />
		<Unit filename="PS1572/C.cpp" />
		<Unit filename="PS1572/D.cpp" />
		<Unit filename="PS1572/E.cpp" />
		<Unit filename="PS1572/F.cpp" />
		<Unit filename="PS1573/A.cpp" />
		<Unit filename="PS1573/B.cpp" />
		<Unit filename="PS1574/B.cpp" />
		<Unit filename="PS1574/C.cpp" />
		<Unit filename="PS1574/D.cpp" />
		<Unit filename="PS1574/E.cpp" />
		<Unit filename="PS1579/G.cpp" />
		<Unit filename="PS1580/A.cpp" />
		<Unit filename="PS1580/B.cpp" />
		<Unit filename="PS1580/C.cpp" />
		<Unit filename="PS1582/F2.cpp" />
		<Unit filename="PS1592/E.cpp" />
		<Unit filename="PS1594/E2.cpp" />
		<Unit filename="PS1598/F.cpp" />
		<Unit filename="PS1599/A.cpp" />
		<Unit filename="PS1599/F.cpp" />
		<Unit filename="PS1599/G.cpp" />
		<Unit filename="PS1599/I.cpp" />
		<Unit filename="PS1599/J.cpp" />
		<Unit filename="PS1601/A.cpp" />
		<Unit filename="PS1601/B.cpp" />
		<Unit filename="PS1601/C.cpp" />
		<Unit filename="PS1601/D.cpp" />
		<Unit filename="PS1614/E.cpp" />
		<Unit filename="UniversalSet/P1.cpp" />
		<Unit filename="UniversalSet/P2.cpp" />
		<Unit filename="algo/all.cpp" />
		<Unit filename="algo/temp.cpp" />
		<Unit filename="exercise.in" />
		<Unit filename="main">
			<Option compile="1" />
			<Option link="1" />
		</Unit>
		<Unit filename="main2.cpp" />
		<Unit filename="prime.cpp" />
		<Unit filename="read.in" />
		<Unit filename="write.out" />
		<Extensions>
			<lib_finder disable_auto="1" />
		</Extensions>
	</Project>
</CodeBlocks_project_file>
